github.com/Terry-Mao/goconf v0.0.0-20161115082538-13cb73d70c44 h1:oyRla0cRmia52TlmuLp1lDysM39D0gt5xmoUU6YFfGk=
github.com/Terry-Mao/goconf v0.0.0-20161115082538-13cb73d70c44/go.mod h1:pLupJNRivwIsgwXOsRfbZyfXLMW9X2Cgp1yshhvG/8A=
github.com/it-man-cn/log4go v0.0.0-20120225205810-37f8a79ecde9 h1:vE8Ar/ufeL4OVdvflbLOC65DQSoo3t3jbtiWk9luIt4=
github.com/it-man-cn/log4go v0.0.0-20120225205810-37f8a79ecde9/go.mod h1:7Qnk8TYiOr4N10FJh07+FGihbg2H8VcF3F98m4NCYag=
github.com/streadway/amqp v0.0.0-20200108173154-1c71cc93ed71 h1:2MR0pKUzlP3SGgj5NYJe/zRYDwOu9ku6YHy+Iw7l5DM=
github.com/streadway/amqp v0.0.0-20200108173154-1c71cc93ed71/go.mod h1:AZpEONHx3DKn8O/DFsRAY58/XVQiIPMTMB1SddzLXVw=
